// !$*UTF8*$!
{
	archiveVersion = 1;
	classes = {
	};
	objectVersion = 77;
	objects = {

/* Begin PBXContainerItemProxy section */
		E8518CFC2CD26D1C00DBF0FA /* PBXContainerItemProxy */ = {
			isa = PBXContainerItemProxy;
			containerPortal = E8518CE32CD26D1B00DBF0FA /* Project object */;
			proxyType = 1;
			remoteGlobalIDString = E8518CEA2CD26D1B00DBF0FA;
			remoteInfo = moderna24v5;
		};
		E8518D062CD26D1C00DBF0FA /* PBXContainerItemProxy */ = {
			isa = PBXContainerItemProxy;
			containerPortal = E8518CE32CD26D1B00DBF0FA /* Project object */;
			proxyType = 1;
			remoteGlobalIDString = E8518CEA2CD26D1B00DBF0FA;
			remoteInfo = moderna24v5;
		};
/* End PBXContainerItemProxy section */

/* Begin PBXFileReference section */
		E8518CEB2CD26D1B00DBF0FA /* moderna24v5.app */ = {isa = PBXFileReference; explicitFileType = wrapper.application; includeInIndex = 0; path = moderna24v5.app; sourceTree = BUILT_PRODUCTS_DIR; };
		E8518CFB2CD26D1C00DBF0FA /* moderna24v5Tests.xctest */ = {isa = PBXFileReference; explicitFileType = wrapper.cfbundle; includeInIndex = 0; path = moderna24v5Tests.xctest; sourceTree = BUILT_PRODUCTS_DIR; };
		E8518D052CD26D1C00DBF0FA /* moderna24v5UITests.xctest */ = {isa = PBXFileReference; explicitFileType = wrapper.cfbundle; includeInIndex = 0; path = moderna24v5UITests.xctest; sourceTree = BUILT_PRODUCTS_DIR; };
/* End PBXFileReference section */

/* Begin PBXFileSystemSynchronizedRootGroup section */
		E8518CED2CD26D1B00DBF0FA /* moderna24v5 */ = {
			isa = PBXFileSystemSynchronizedRootGroup;
			path = moderna24v5;
			sourceTree = "<group>";
		};
		E8518CFE2CD26D1C00DBF0FA /* moderna24v5Tests */ = {
			isa = PBXFileSystemSynchronizedRootGroup;
			path = moderna24v5Tests;
			sourceTree = "<group>";
		};
		E8518D082CD26D1C00DBF0FA /* moderna24v5UITests */ = {
			isa = PBXFileSystemSynchronizedRootGroup;
			path = moderna24v5UITests;
			sourceTree = "<group>";
		};
/* End PBXFileSystemSynchronizedRootGroup section */

/* Begin PBXFrameworksBuildPhase section */
		E8518CE82CD26D1B00DBF0FA /* Frameworks */ = {
			isa = PBXFrameworksBuildPhase;
			buildActionMask = 2147483647;
			files = (
			);
			runOnlyForDeploymentPostprocessing = 0;
		};
		E8518CF82CD26D1C00DBF0FA /* Frameworks */ = {
			isa = PBXFrameworksBuildPhase;
			buildActionMask = 2147483647;
			files = (
			);
			runOnlyForDeploymentPostprocessing = 0;
		};
		E8518D022CD26D1C00DBF0FA /* Frameworks */ = {
			isa = PBXFrameworksBuildPhase;
			buildActionMask = 2147483647;
			files = (
			);
			runOnlyForDeploymentPostprocessing = 0;
		};
/* End PBXFrameworksBuildPhase section */

/* Begin PBXGroup section */
		E8518CE22CD26D1B00DBF0FA = {
			isa = PBXGroup;
			children = (
				E8518CED2CD26D1B00DBF0FA /* moderna24v5 */,
				E8518CFE2CD26D1C00DBF0FA /* moderna24v5Tests */,
				E8518D082CD26D1C00DBF0FA /* moderna24v5UITests */,
				E8518CEC2CD26D1B00DBF0FA /* Products */,
			);
			sourceTree = "<group>";
		};
		E8518CEC2CD26D1B00DBF0FA /* Products */ = {
			isa = PBXGroup;
			children = (
				E8518CEB2CD26D1B00DBF0FA /* moderna24v5.app */,
				E8518CFB2CD26D1C00DBF0FA /* moderna24v5Tests.xctest */,
				E8518D052CD26D1C00DBF0FA /* moderna24v5UITests.xctest */,
			);
			name = Products;
			sourceTree = "<group>";
		};
/* End PBXGroup section */

/* Begin PBXNativeTarget section */
		E8518CEA2CD26D1B00DBF0FA /* moderna24v5 */ = {
			isa = PBXNativeTarget;
			buildConfigurationList = E8518D0F2CD26D1C00DBF0FA /* Build configuration list for PBXNativeTarget "moderna24v5" */;
			buildPhases = (
				E8518CE72CD26D1B00DBF0FA /* Sources */,
				E8518CE82CD26D1B00DBF0FA /* Frameworks */,
				E8518CE92CD26D1B00DBF0FA /* Resources */,
			);
			buildRules = (
			);
			dependencies = (
			);
			fileSystemSynchronizedGroups = (
				E8518CED2CD26D1B00DBF0FA /* moderna24v5 */,
			);
			name = moderna24v5;
			packageProductDependencies = (
			);
			productName = moderna24v5;
			productReference = E8518CEB2CD26D1B00DBF0FA /* moderna24v5.app */;
			productType = "com.apple.product-type.application";
		};
		E8518CFA2CD26D1C00DBF0FA /* moderna24v5Tests */ = {
			isa = PBXNativeTarget;
			buildConfigurationList = E8518D122CD26D1C00DBF0FA /* Build configuration list for PBXNativeTarget "moderna24v5Tests" */;
			buildPhases = (
				E8518CF72CD26D1C00DBF0FA /* Sources */,
				E8518CF82CD26D1C00DBF0FA /* Frameworks */,
				E8518CF92CD26D1C00DBF0FA /* Resources */,
			);
			buildRules = (
			);
			dependencies = (
				E8518CFD2CD26D1C00DBF0FA /* PBXTargetDependency */,
			);
			fileSystemSynchronizedGroups = (
				E8518CFE2CD26D1C00DBF0FA /* moderna24v5Tests */,
			);
			name = moderna24v5Tests;
			packageProductDependencies = (
			);
			productName = moderna24v5Tests;
			productReference = E8518CFB2CD26D1C00DBF0FA /* moderna24v5Tests.xctest */;
			productType = "com.apple.product-type.bundle.unit-test";
		};
		E8518D042CD26D1C00DBF0FA /* moderna24v5UITests */ = {
			isa = PBXNativeTarget;
			buildConfigurationList = E8518D152CD26D1C00DBF0FA /* Build configuration list for PBXNativeTarget "moderna24v5UITests" */;
			buildPhases = (
				E8518D012CD26D1C00DBF0FA /* Sources */,
				E8518D022CD26D1C00DBF0FA /* Frameworks */,
				E8518D032CD26D1C00DBF0FA /* Resources */,
			);
			buildRules = (
			);
			dependencies = (
				E8518D072CD26D1C00DBF0FA /* PBXTargetDependency */,
			);
			fileSystemSynchronizedGroups = (
				E8518D082CD26D1C00DBF0FA /* moderna24v5UITests */,
			);
			name = moderna24v5UITests;
			packageProductDependencies = (
			);
			productName = moderna24v5UITests;
			productReference = E8518D052CD26D1C00DBF0FA /* moderna24v5UITests.xctest */;
			productType = "com.apple.product-type.bundle.ui-testing";
		};
/* End PBXNativeTarget section */

/* Begin PBXProject section */
		E8518CE32CD26D1B00DBF0FA /* Project object */ = {
			isa = PBXProject;
			attributes = {
				BuildIndependentTargetsInParallel = 1;
				LastSwiftUpdateCheck = 1600;
				LastUpgradeCheck = 1600;
				TargetAttributes = {
					E8518CEA2CD26D1B00DBF0FA = {
						CreatedOnToolsVersion = 16.0;
					};
					E8518CFA2CD26D1C00DBF0FA = {
						CreatedOnToolsVersion = 16.0;
						TestTargetID = E8518CEA2CD26D1B00DBF0FA;
					};
					E8518D042CD26D1C00DBF0FA = {
						CreatedOnToolsVersion = 16.0;
						TestTargetID = E8518CEA2CD26D1B00DBF0FA;
					};
				};
			};
			buildConfigurationList = E8518CE62CD26D1B00DBF0FA /* Build configuration list for PBXProject "moderna24v5" */;
			developmentRegion = en;
			hasScannedForEncodings = 0;
			knownRegions = (
				en,
				Base,
			);
			mainGroup = E8518CE22CD26D1B00DBF0FA;
			minimizedProjectReferenceProxies = 1;
			preferredProjectObjectVersion = 77;
			productRefGroup = E8518CEC2CD26D1B00DBF0FA /* Products */;
			projectDirPath = "";
			projectRoot = "";
			targets = (
				E8518CEA2CD26D1B00DBF0FA /* moderna24v5 */,
				E8518CFA2CD26D1C00DBF0FA /* moderna24v5Tests */,
				E8518D042CD26D1C00DBF0FA /* moderna24v5UITests */,
			);
		};
/* End PBXProject section */

/* Begin PBXResourcesBuildPhase section */
		E8518CE92CD26D1B00DBF0FA /* Resources */ = {
			isa = PBXResourcesBuildPhase;
			buildActionMask = 2147483647;
			files = (
			);
			runOnlyForDeploymentPostprocessing = 0;
		};
		E8518CF92CD26D1C00DBF0FA /* Resources */ = {
			isa = PBXResourcesBuildPhase;
			buildActionMask = 2147483647;
			files = (
			);
			runOnlyForDeploymentPostprocessing = 0;
		};
		E8518D032CD26D1C00DBF0FA /* Resources */ = {
			isa = PBXResourcesBuildPhase;
			buildActionMask = 2147483647;
			files = (
			);
			runOnlyForDeploymentPostprocessing = 0;
		};
/* End PBXResourcesBuildPhase section */

/* Begin PBXSourcesBuildPhase section */
		E8518CE72CD26D1B00DBF0FA /* Sources */ = {
			isa = PBXSourcesBuildPhase;
			buildActionMask = 2147483647;
			files = (
			);
			runOnlyForDeploymentPostprocessing = 0;
		};
		E8518CF72CD26D1C00DBF0FA /* Sources */ = {
			isa = PBXSourcesBuildPhase;
			buildActionMask = 2147483647;
			files = (
			);
			runOnlyForDeploymentPostprocessing = 0;
		};
		E8518D012CD26D1C00DBF0FA /* Sources */ = {
			isa = PBXSourcesBuildPhase;
			buildActionMask = 2147483647;
			files = (
			);
			runOnlyForDeploymentPostprocessing = 0;
		};
/* End PBXSourcesBuildPhase section */

/* Begin PBXTargetDependency section */
		E8518CFD2CD26D1C00DBF0FA /* PBXTargetDependency */ = {
			isa = PBXTargetDependency;
			target = E8518CEA2CD26D1B00DBF0FA /* moderna24v5 */;
			targetProxy = E8518CFC2CD26D1C00DBF0FA /* PBXContainerItemProxy */;
		};
		E8518D072CD26D1C00DBF0FA /* PBXTargetDependency */ = {
			isa = PBXTargetDependency;
			target = E8518CEA2CD26D1B00DBF0FA /* moderna24v5 */;
			targetProxy = E8518D062CD26D1C00DBF0FA /* PBXContainerItemProxy */;
		};
/* End PBXTargetDependency section */

/* Begin XCBuildConfiguration section */
		E8518D0D2CD26D1C00DBF0FA /* Debug */ = {
			isa = XCBuildConfiguration;
			buildSettings = {
				ALWAYS_SEARCH_USER_PATHS = NO;
				ASSETCATALOG_COMPILER_GENERATE_SWIFT_ASSET_SYMBOL_EXTENSIONS = YES;
				CLANG_ANALYZER_NONNULL = YES;
				CLANG_ANALYZER_NUMBER_OBJECT_CONVERSION = YES_AGGRESSIVE;
				CLANG_CXX_LANGUAGE_STANDARD = "gnu++20";
				CLANG_ENABLE_MODULES = YES;
				CLANG_ENABLE_OBJC_ARC = YES;
				CLANG_ENABLE_OBJC_WEAK = YES;
				CLANG_WARN_BLOCK_CAPTURE_AUTORELEASING = YES;
				CLANG_WARN_BOOL_CONVERSION = YES;
				CLANG_WARN_COMMA = YES;
				CLANG_WARN_CONSTANT_CONVERSION = YES;
				CLANG_WARN_DEPRECATED_OBJC_IMPLEMENTATIONS = YES;
				CLANG_WARN_DIRECT_OBJC_ISA_USAGE = YES_ERROR;
				CLANG_WARN_DOCUMENTATION_COMMENTS = YES;
				CLANG_WARN_EMPTY_BODY = YES;
				CLANG_WARN_ENUM_CONVERSION = YES;
				CLANG_WARN_INFINITE_RECURSION = YES;
				CLANG_WARN_INT_CONVERSION = YES;
				CLANG_WARN_NON_LITERAL_NULL_CONVERSION = YES;
				CLANG_WARN_OBJC_IMPLICIT_RETAIN_SELF = YES;
				CLANG_WARN_OBJC_LITERAL_CONVERSION = YES;
				CLANG_WARN_OBJC_ROOT_CLASS = YES_ERROR;
				CLANG_WARN_QUOTED_INCLUDE_IN_FRAMEWORK_HEADER = YES;
				CLANG_WARN_RANGE_LOOP_ANALYSIS = YES;
				CLANG_WARN_STRICT_PROTOTYPES = YES;
				CLANG_WARN_SUSPICIOUS_MOVE = YES;
				CLANG_WARN_UNGUARDED_AVAILABILITY = YES_AGGRESSIVE;
				CLANG_WARN_UNREACHABLE_CODE = YES;
				CLANG_WARN__DUPLICATE_METHOD_MATCH = YES;
				COPY_PHASE_STRIP = NO;
				DEBUG_INFORMATION_FORMAT = dwarf;
				ENABLE_STRICT_OBJC_MSGSEND = YES;
				ENABLE_TESTABILITY = YES;
				ENABLE_USER_SCRIPT_SANDBOXING = YES;
				GCC_C_LANGUAGE_STANDARD = gnu17;
				GCC_DYNAMIC_NO_PIC = NO;
				GCC_NO_COMMON_BLOCKS = YES;
				GCC_OPTIMIZATION_LEVEL = 0;
				GCC_PREPROCESSOR_DEFINITIONS = (
					"DEBUG=1",
					"$(inherited)",
				);
				GCC_WARN_64_TO_32_BIT_CONVERSION = YES;
				GCC_WARN_ABOUT_RETURN_TYPE = YES_ERROR;
				GCC_WARN_UNDECLARED_SELECTOR = YES;
				GCC_WARN_UNINITIALIZED_AUTOS = YES_AGGRESSIVE;
				GCC_WARN_UNUSED_FUNCTION = YES;
				GCC_WARN_UNUSED_VARIABLE = YES;
				IPHONEOS_DEPLOYMENT_TARGET = 18.0;
				LOCALIZATION_PREFERS_STRING_CATALOGS = YES;
				MTL_ENABLE_DEBUG_INFO = INCLUDE_SOURCE;
				MTL_FAST_MATH = YES;
				ONLY_ACTIVE_ARCH = YES;
				SDKROOT = iphoneos;
				SWIFT_ACTIVE_COMPILATION_CONDITIONS = "DEBUG $(inherited)";
				SWIFT_OPTIMIZATION_LEVEL = "-Onone";
			};
			name = Debug;
		};
		E8518D0E2CD26D1C00DBF0FA /* Release */ = {
			isa = XCBuildConfiguration;
			buildSettings = {
				ALWAYS_SEARCH_USER_PATHS = NO;
				ASSETCATALOG_COMPILER_GENERATE_SWIFT_ASSET_SYMBOL_EXTENSIONS = YES;
				CLANG_ANALYZER_NONNULL = YES;
				CLANG_ANALYZER_NUMBER_OBJECT_CONVERSION = YES_AGGRESSIVE;
				CLANG_CXX_LANGUAGE_STANDARD = "gnu++20";
				CLANG_ENABLE_MODULES = YES;
				CLANG_ENABLE_OBJC_ARC = YES;
				CLANG_ENABLE_OBJC_WEAK = YES;
				CLANG_WARN_BLOCK_CAPTURE_AUTORELEASING = YES;
				CLANG_WARN_BOOL_CONVERSION = YES;
				CLANG_WARN_COMMA = YES;
				CLANG_WARN_CONSTANT_CONVERSION = YES;
				CLANG_WARN_DEPRECATED_OBJC_IMPLEMENTATIONS = YES;
				CLANG_WARN_DIRECT_OBJC_ISA_USAGE = YES_ERROR;
				CLANG_WARN_DOCUMENTATION_COMMENTS = YES;
				CLANG_WARN_EMPTY_BODY = YES;
				CLANG_WARN_ENUM_CONVERSION = YES;
				CLANG_WARN_INFINITE_RECURSION = YES;
				CLANG_WARN_INT_CONVERSION = YES;
				CLANG_WARN_NON_LITERAL_NULL_CONVERSION = YES;
				CLANG_WARN_OBJC_IMPLICIT_RETAIN_SELF = YES;
				CLANG_WARN_OBJC_LITERAL_CONVERSION = YES;
				CLANG_WARN_OBJC_ROOT_CLASS = YES_ERROR;
				CLANG_WARN_QUOTED_INCLUDE_IN_FRAMEWORK_HEADER = YES;
				CLANG_WARN_RANGE_LOOP_ANALYSIS = YES;
				CLANG_WARN_STRICT_PROTOTYPES = YES;
				CLANG_WARN_SUSPICIOUS_MOVE = YES;
				CLANG_WARN_UNGUARDED_AVAILABILITY = YES_AGGRESSIVE;
				CLANG_WARN_UNREACHABLE_CODE = YES;
				CLANG_WARN__DUPLICATE_METHOD_MATCH = YES;
				COPY_PHASE_STRIP = NO;
				DEBUG_INFORMATION_FORMAT = "dwarf-with-dsym";
				ENABLE_NS_ASSERTIONS = NO;
				ENABLE_STRICT_OBJC_MSGSEND = YES;
				ENABLE_USER_SCRIPT_SANDBOXING = YES;
				GCC_C_LANGUAGE_STANDARD = gnu17;
				GCC_NO_COMMON_BLOCKS = YES;
				GCC_WARN_64_TO_32_BIT_CONVERSION = YES;
				GCC_WARN_ABOUT_RETURN_TYPE = YES_ERROR;
				GCC_WARN_UNDECLARED_SELECTOR = YES;
				GCC_WARN_UNINITIALIZED_AUTOS = YES_AGGRESSIVE;
				GCC_WARN_UNUSED_FUNCTION = YES;
				GCC_WARN_UNUSED_VARIABLE = YES;
				IPHONEOS_DEPLOYMENT_TARGET = 18.0;
				LOCALIZATION_PREFERS_STRING_CATALOGS = YES;
				MTL_ENABLE_DEBUG_INFO = NO;
				MTL_FAST_MATH = YES;
				SDKROOT = iphoneos;
				SWIFT_COMPILATION_MODE = wholemodule;
				VALIDATE_PRODUCT = YES;
			};
			name = Release;
		};
		E8518D102CD26D1C00DBF0FA /* Debug */ = {
			isa = XCBuildConfiguration;
			buildSettings = {
				ASSETCATALOG_COMPILER_APPICON_NAME = AppIcon;
				ASSETCATALOG_COMPILER_GLOBAL_ACCENT_COLOR_NAME = AccentColor;
				CODE_SIGN_STYLE = Automatic;
				CURRENT_PROJECT_VERSION = 1;
				DEVELOPMENT_ASSET_PATHS = "\"moderna24v5/Preview Content\"";
				DEVELOPMENT_TEAM = 6SGQZ32758;
				ENABLE_PREVIEWS = YES;
				GENERATE_INFOPLIST_FILE = YES;
				INFOPLIST_KEY_UIApplicationSceneManifest_Generation = YES;
				INFOPLIST_KEY_UIApplicationSupportsIndirectInputEvents = YES;
				INFOPLIST_KEY_UILaunchScreen_Generation = YES;
				INFOPLIST_KEY_UISupportedInterfaceOrientations_iPad = "UIInterfaceOrientationPortrait UIInterfaceOrientationPortraitUpsideDown UIInterfaceOrientationLandscapeLeft UIInterfaceOrientationLandscapeRight";
				INFOPLIST_KEY_UISupportedInterfaceOrientations_iPhone = "UIInterfaceOrientationPortrait UIInterfaceOrientationLandscapeLeft UIInterfaceOrientationLandscapeRight";
				LD_RUNPATH_SEARCH_PATHS = (
					"$(inherited)",
					"@executable_path/Frameworks",
				);
				MARKETING_VERSION = 1.0;
				PRODUCT_BUNDLE_IDENTIFIER = se.magictechnology.moderna24v5;
				PRODUCT_NAME = "$(TARGET_NAME)";
				SWIFT_EMIT_LOC_STRINGS = YES;
				SWIFT_VERSION = 5.0;
				TARGETED_DEVICE_FAMILY = "1,2";
			};
			name = Debug;
		};
		E8518D112CD26D1C00DBF0FA /* Release */ = {
			isa = XCBuildConfiguration;
			buildSettings = {
				ASSETCATALOG_COMPILER_APPICON_NAME = AppIcon;
				ASSETCATALOG_COMPILER_GLOBAL_ACCENT_COLOR_NAME = AccentColor;
				CODE_SIGN_STYLE = Automatic;
				CURRENT_PROJECT_VERSION = 1;
				DEVELOPMENT_ASSET_PATHS = "\"moderna24v5/Preview Content\"";
				DEVELOPMENT_TEAM = 6SGQZ32758;
				ENABLE_PREVIEWS = YES;
				GENERATE_INFOPLIST_FILE = YES;
				INFOPLIST_KEY_UIApplicationSceneManifest_Generation = YES;
				INFOPLIST_KEY_UIApplicationSupportsIndirectInputEvents = YES;
				INFOPLIST_KEY_UILaunchScreen_Generation = YES;
				INFOPLIST_KEY_UISupportedInterfaceOrientations_iPad = "UIInterfaceOrientationPortrait UIInterfaceOrientationPortraitUpsideDown UIInterfaceOrientationLandscapeLeft UIInterfaceOrientationLandscapeRight";
				INFOPLIST_KEY_UISupportedInterfaceOrientations_iPhone = "UIInterfaceOrientationPortrait UIInterfaceOrientationLandscapeLeft UIInterfaceOrientationLandscapeRight";
				LD_RUNPATH_SEARCH_PATHS = (
					"$(inherited)",
					"@executable_path/Frameworks",
				);
				MARKETING_VERSION = 1.0;
				PRODUCT_BUNDLE_IDENTIFIER = se.magictechnology.moderna24v5;
				PRODUCT_NAME = "$(TARGET_NAME)";
				SWIFT_EMIT_LOC_STRINGS = YES;
				SWIFT_VERSION = 5.0;
				TARGETED_DEVICE_FAMILY = "1,2";
			};
			name = Release;
		};
		E8518D132CD26D1C00DBF0FA /* Debug */ = {
			isa = XCBuildConfiguration;
			buildSettings = {
				BUNDLE_LOADER = "$(TEST_HOST)";
				CODE_SIGN_STYLE = Automatic;
				CURRENT_PROJECT_VERSION = 1;
				DEVELOPMENT_TEAM = 6SGQZ32758;
				GENERATE_INFOPLIST_FILE = YES;
				IPHONEOS_DEPLOYMENT_TARGET = 18.0;
				MARKETING_VERSION = 1.0;
				PRODUCT_BUNDLE_IDENTIFIER = se.magictechnology.moderna24v5Tests;
				PRODUCT_NAME = "$(TARGET_NAME)";
				SWIFT_EMIT_LOC_STRINGS = NO;
				SWIFT_VERSION = 5.0;
				TARGETED_DEVICE_FAMILY = "1,2";
				TEST_HOST = "$(BUILT_PRODUCTS_DIR)/moderna24v5.app/$(BUNDLE_EXECUTABLE_FOLDER_PATH)/moderna24v5";
			};
			name = Debug;
		};
		E8518D142CD26D1C00DBF0FA /* Release */ = {
			isa = XCBuildConfiguration;
			buildSettings = {
				BUNDLE_LOADER = "$(TEST_HOST)";
				CODE_SIGN_STYLE = Automatic;
				CURRENT_PROJECT_VERSION = 1;
				DEVELOPMENT_TEAM = 6SGQZ32758;
				GENERATE_INFOPLIST_FILE = YES;
				IPHONEOS_DEPLOYMENT_TARGET = 18.0;
				MARKETING_VERSION = 1.0;
				PRODUCT_BUNDLE_IDENTIFIER = se.magictechnology.moderna24v5Tests;
				PRODUCT_NAME = "$(TARGET_NAME)";
				SWIFT_EMIT_LOC_STRINGS = NO;
				SWIFT_VERSION = 5.0;
				TARGETED_DEVICE_FAMILY = "1,2";
				TEST_HOST = "$(BUILT_PRODUCTS_DIR)/moderna24v5.app/$(BUNDLE_EXECUTABLE_FOLDER_PATH)/moderna24v5";
			};
			name = Release;
		};
		E8518D162CD26D1C00DBF0FA /* Debug */ = {
			isa = XCBuildConfiguration;
			buildSettings = {
				CODE_SIGN_STYLE = Automatic;
				CURRENT_PROJECT_VERSION = 1;
				DEVELOPMENT_TEAM = 6SGQZ32758;
				GENERATE_INFOPLIST_FILE = YES;
				MARKETING_VERSION = 1.0;
				PRODUCT_BUNDLE_IDENTIFIER = se.magictechnology.moderna24v5UITests;
				PRODUCT_NAME = "$(TARGET_NAME)";
				SWIFT_EMIT_LOC_STRINGS = NO;
				SWIFT_VERSION = 5.0;
				TARGETED_DEVICE_FAMILY = "1,2";
				TEST_TARGET_NAME = moderna24v5;
			};
			name = Debug;
		};
		E8518D172CD26D1C00DBF0FA /* Release */ = {
			isa = XCBuildConfiguration;
			buildSettings = {
				CODE_SIGN_STYLE = Automatic;
				CURRENT_PROJECT_VERSION = 1;
				DEVELOPMENT_TEAM = 6SGQZ32758;
				GENERATE_INFOPLIST_FILE = YES;
				MARKETING_VERSION = 1.0;
				PRODUCT_BUNDLE_IDENTIFIER = se.magictechnology.moderna24v5UITests;
				PRODUCT_NAME = "$(TARGET_NAME)";
				SWIFT_EMIT_LOC_STRINGS = NO;
				SWIFT_VERSION = 5.0;
				TARGETED_DEVICE_FAMILY = "1,2";
				TEST_TARGET_NAME = moderna24v5;
			};
			name = Release;
		};
/* End XCBuildConfiguration section */

/* Begin XCConfigurationList section */
		E8518CE62CD26D1B00DBF0FA /* Build configuration list for PBXProject "moderna24v5" */ = {
			isa = XCConfigurationList;
			buildConfigurations = (
				E8518D0D2CD26D1C00DBF0FA /* Debug */,
				E8518D0E2CD26D1C00DBF0FA /* Release */,
			);
			defaultConfigurationIsVisible = 0;
			defaultConfigurationName = Release;
		};
		E8518D0F2CD26D1C00DBF0FA /* Build configuration list for PBXNativeTarget "moderna24v5" */ = {
			isa = XCConfigurationList;
			buildConfigurations = (
				E8518D102CD26D1C00DBF0FA /* Debug */,
				E8518D112CD26D1C00DBF0FA /* Release */,
			);
			defaultConfigurationIsVisible = 0;
			defaultConfigurationName = Release;
		};
		E8518D122CD26D1C00DBF0FA /* Build configuration list for PBXNativeTarget "moderna24v5Tests" */ = {
			isa = XCConfigurationList;
			buildConfigurations = (
				E8518D132CD26D1C00DBF0FA /* Debug */,
				E8518D142CD26D1C00DBF0FA /* Release */,
			);
			defaultConfigurationIsVisible = 0;
			defaultConfigurationName = Release;
		};
		E8518D152CD26D1C00DBF0FA /* Build configuration list for PBXNativeTarget "moderna24v5UITests" */ = {
			isa = XCConfigurationList;
			buildConfigurations = (
				E8518D162CD26D1C00DBF0FA /* Debug */,
				E8518D172CD26D1C00DBF0FA /* Release */,
			);
			defaultConfigurationIsVisible = 0;
			defaultConfigurationName = Release;
		};
/* End XCConfigurationList section */
	};
	rootObject = E8518CE32CD26D1B00DBF0FA /* Project object */;
}
